
Microsoft Visual Studio Solution File, Format Version 12.00
# Visual Studio 15
VisualStudioVersion = 15.0.26228.10
MinimumVisualStudioVersion = 10.0.40219.1
Project("{FAE04EC0-301F-11D3-BF4B-00C04F79EFBC}") = "TestTuple", "TestTuple\TestTuple.csproj", "{EB89880C-21D3-417C-A644-B25ED001EE19}"
EndProject
Project("{FAE04EC0-301F-11D3-BF4B-00C04F79EFBC}") = "TestForeach", "TestForeach\TestForeach.csproj", "{ABD0D669-AAD3-4366-8D42-A733748BBA33}"
EndProject
Global
	GlobalSection(SolutionConfigurationPlatforms) = preSolution
		Debug|Any CPU = Debug|Any CPU
		Release|Any CPU = Release|Any CPU
	EndGlobalSection
	GlobalSection(ProjectConfigurationPlatforms) = postSolution
		{EB89880C-21D3-417C-A644-B25ED001EE19}.Debug|Any CPU.ActiveCfg = Debug|Any CPU
		{EB89880C-21D3-417C-A644-B25ED001EE19}.Debug|Any CPU.Build.0 = Debug|Any CPU
		{EB89880C-21D3-417C-A644-B25ED001EE19}.Release|Any CPU.ActiveCfg = Release|Any CPU
		{EB89880C-21D3-417C-A644-B25ED001EE19}.Release|Any CPU.Build.0 = Release|Any CPU
		{ABD0D669-AAD3-4366-8D42-A733748BBA33}.Debug|Any CPU.ActiveCfg = Debug|Any CPU
		{ABD0D669-AAD3-4366-8D42-A733748BBA33}.Debug|Any CPU.Build.0 = Debug|Any CPU
		{ABD0D669-AAD3-4366-8D42-A733748BBA33}.Release|Any CPU.ActiveCfg = Release|Any CPU
		{ABD0D669-AAD3-4366-8D42-A733748BBA33}.Release|Any CPU.Build.0 = Release|Any CPU
	EndGlobalSection
	GlobalSection(SolutionProperties) = preSolution
		HideSolutionNode = FALSE
	EndGlobalSection
EndGlobal
